
Microsoft Visual Studio Solution File, Format Version 12.00
# Visual Studio 15
VisualStudioVersion = 15.0.27130.2010
MinimumVisualStudioVersion = 10.0.40219.1
Project("{8BC9CEB8-8B4A-11D0-8D11-00A0C91BC942}") = "haffmancode", "haffmancode\haffmancode.vcxproj", "{44A74C2A-67AF-49AE-B4E1-63ACA1DADC80}"
EndProject
Project("{8BC9CEB8-8B4A-11D0-8D11-00A0C91BC942}") = "decode", "decode\decode.vcxproj", "{828BF5D5-D7FE-4345-BAAE-FC0E1EA95EDC}"
EndProject
Global
	GlobalSection(SolutionConfigurationPlatforms) = preSolution
		Debug|x64 = Debug|x64
		Debug|x86 = Debug|x86
		Release|x64 = Release|x64
		Release|x86 = Release|x86
	EndGlobalSection
	GlobalSection(ProjectConfigurationPlatforms) = postSolution
		{44A74C2A-67AF-49AE-B4E1-63ACA1DADC80}.Debug|x64.ActiveCfg = Debug|x64
		{44A74C2A-67AF-49AE-B4E1-63ACA1DADC80}.Debug|x64.Build.0 = Debug|x64
		{44A74C2A-67AF-49AE-B4E1-63ACA1DADC80}.Debug|x86.ActiveCfg = Debug|Win32
		{44A74C2A-67AF-49AE-B4E1-63ACA1DADC80}.Debug|x86.Build.0 = Debug|Win32
		{44A74C2A-67AF-49AE-B4E1-63ACA1DADC80}.Release|x64.ActiveCfg = Release|x64
		{44A74C2A-67AF-49AE-B4E1-63ACA1DADC80}.Release|x64.Build.0 = Release|x64
		{44A74C2A-67AF-49AE-B4E1-63ACA1DADC80}.Release|x86.ActiveCfg = Release|Win32
		{44A74C2A-67AF-49AE-B4E1-63ACA1DADC80}.Release|x86.Build.0 = Release|Win32
		{828BF5D5-D7FE-4345-BAAE-FC0E1EA95EDC}.Debug|x64.ActiveCfg = Debug|x64
		{828BF5D5-D7FE-4345-BAAE-FC0E1EA95EDC}.Debug|x64.Build.0 = Debug|x64
		{828BF5D5-D7FE-4345-BAAE-FC0E1EA95EDC}.Debug|x86.ActiveCfg = Debug|Win32
		{828BF5D5-D7FE-4345-BAAE-FC0E1EA95EDC}.Debug|x86.Build.0 = Debug|Win32
		{828BF5D5-D7FE-4345-BAAE-FC0E1EA95EDC}.Release|x64.ActiveCfg = Release|x64
		{828BF5D5-D7FE-4345-BAAE-FC0E1EA95EDC}.Release|x64.Build.0 = Release|x64
		{828BF5D5-D7FE-4345-BAAE-FC0E1EA95EDC}.Release|x86.ActiveCfg = Release|Win32
		{828BF5D5-D7FE-4345-BAAE-FC0E1EA95EDC}.Release|x86.Build.0 = Release|Win32
	EndGlobalSection
	GlobalSection(SolutionProperties) = preSolution
		HideSolutionNode = FALSE
	EndGlobalSection
	GlobalSection(ExtensibilityGlobals) = postSolution
		SolutionGuid = {154B2A6D-D5AB-4EE7-9614-1542F7701317}
	EndGlobalSection
EndGlobal
